
Microsoft Visual Studio Solution File, Format Version 12.00
# Visual Studio Version 17
VisualStudioVersion = 17.9.34728.123
MinimumVisualStudioVersion = 10.0.40219.1
Project("{FAE04EC0-301F-11D3-BF4B-00C04F79EFBC}") = "Ex01_01", "Ex01_01\Ex01_01.csproj", "{ACF7B4DC-D2B5-4841-B479-6C503D83A1FC}"
EndProject
Project("{FAE04EC0-301F-11D3-BF4B-00C04F79EFBC}") = "Ex01_02", "Ex01_02\Ex01_02.csproj", "{94806671-B91E-4484-9C71-3DCE2AD2EB3D}"
EndProject
Project("{FAE04EC0-301F-11D3-BF4B-00C04F79EFBC}") = "Ex01_03", "Ex01_03\Ex01_03.csproj", "{BAAFF984-4FAA-435D-8FAB-9FEE1FCB69BB}"
EndProject
Project("{FAE04EC0-301F-11D3-BF4B-00C04F79EFBC}") = "Ex01_04", "Ex01_04\Ex01_04.csproj", "{BFE3B3C6-B529-444A-8660-6C230F3BA456}"
EndProject
Project("{FAE04EC0-301F-11D3-BF4B-00C04F79EFBC}") = "Ex01_05", "Ex01_05\Ex01_05.csproj", "{2154568D-07B2-4BA2-AC6D-E786A93E39F8}"
EndProject
Global
	GlobalSection(SolutionConfigurationPlatforms) = preSolution
		Debug|Any CPU = Debug|Any CPU
		Release|Any CPU = Release|Any CPU
	EndGlobalSection
	GlobalSection(ProjectConfigurationPlatforms) = postSolution
		{ACF7B4DC-D2B5-4841-B479-6C503D83A1FC}.Debug|Any CPU.ActiveCfg = Debug|Any CPU
		{ACF7B4DC-D2B5-4841-B479-6C503D83A1FC}.Debug|Any CPU.Build.0 = Debug|Any CPU
		{ACF7B4DC-D2B5-4841-B479-6C503D83A1FC}.Release|Any CPU.ActiveCfg = Release|Any CPU
		{ACF7B4DC-D2B5-4841-B479-6C503D83A1FC}.Release|Any CPU.Build.0 = Release|Any CPU
		{94806671-B91E-4484-9C71-3DCE2AD2EB3D}.Debug|Any CPU.ActiveCfg = Debug|Any CPU
		{94806671-B91E-4484-9C71-3DCE2AD2EB3D}.Debug|Any CPU.Build.0 = Debug|Any CPU
		{94806671-B91E-4484-9C71-3DCE2AD2EB3D}.Release|Any CPU.ActiveCfg = Release|Any CPU
		{94806671-B91E-4484-9C71-3DCE2AD2EB3D}.Release|Any CPU.Build.0 = Release|Any CPU
		{BAAFF984-4FAA-435D-8FAB-9FEE1FCB69BB}.Debug|Any CPU.ActiveCfg = Debug|Any CPU
		{BAAFF984-4FAA-435D-8FAB-9FEE1FCB69BB}.Debug|Any CPU.Build.0 = Debug|Any CPU
		{BAAFF984-4FAA-435D-8FAB-9FEE1FCB69BB}.Release|Any CPU.ActiveCfg = Release|Any CPU
		{BAAFF984-4FAA-435D-8FAB-9FEE1FCB69BB}.Release|Any CPU.Build.0 = Release|Any CPU
		{BFE3B3C6-B529-444A-8660-6C230F3BA456}.Debug|Any CPU.ActiveCfg = Debug|Any CPU
		{BFE3B3C6-B529-444A-8660-6C230F3BA456}.Debug|Any CPU.Build.0 = Debug|Any CPU
		{BFE3B3C6-B529-444A-8660-6C230F3BA456}.Release|Any CPU.ActiveCfg = Release|Any CPU
		{BFE3B3C6-B529-444A-8660-6C230F3BA456}.Release|Any CPU.Build.0 = Release|Any CPU
		{2154568D-07B2-4BA2-AC6D-E786A93E39F8}.Debug|Any CPU.ActiveCfg = Debug|Any CPU
		{2154568D-07B2-4BA2-AC6D-E786A93E39F8}.Debug|Any CPU.Build.0 = Debug|Any CPU
		{2154568D-07B2-4BA2-AC6D-E786A93E39F8}.Release|Any CPU.ActiveCfg = Release|Any CPU
		{2154568D-07B2-4BA2-AC6D-E786A93E39F8}.Release|Any CPU.Build.0 = Release|Any CPU
	EndGlobalSection
	GlobalSection(SolutionProperties) = preSolution
		HideSolutionNode = FALSE
	EndGlobalSection
	GlobalSection(ExtensibilityGlobals) = postSolution
		SolutionGuid = {7C924225-BE4C-4A13-9253-55FDA20F2F3A}
	EndGlobalSection
EndGlobal
